
Microsoft Visual Studio Solution File, Format Version 12.00
# Visual Studio 15
VisualStudioVersion = 15.0.28307.1267
MinimumVisualStudioVersion = 10.0.40219.1
Project("{8BC9CEB8-8B4A-11D0-8D11-00A0C91BC942}") = "TelemetryTest", "TelemetryTest\TelemetryTest.vcxproj", "{5701E026-3410-4973-A1B8-EA5F3D21D82B}"
	ProjectSection(ProjectDependencies) = postProject
		{F11CBCBE-21B6-4DC2-A395-BDAE8890A125} = {F11CBCBE-21B6-4DC2-A395-BDAE8890A125}
	EndProjectSection
EndProject
Project("{8BC9CEB8-8B4A-11D0-8D11-00A0C91BC942}") = "TelemetryTestInterop", "TelemetryTestInterop\TelemetryTestInterop.vcxproj", "{F11CBCBE-21B6-4DC2-A395-BDAE8890A125}"
EndProject
Global
	GlobalSection(SolutionConfigurationPlatforms) = preSolution
		Debug|x64 = Debug|x64
		Debug|x86 = Debug|x86
		Release|x64 = Release|x64
		Release|x86 = Release|x86
	EndGlobalSection
	GlobalSection(ProjectConfigurationPlatforms) = postSolution
		{5701E026-3410-4973-A1B8-EA5F3D21D82B}.Debug|x64.ActiveCfg = Debug|x64
		{5701E026-3410-4973-A1B8-EA5F3D21D82B}.Debug|x64.Build.0 = Debug|x64
		{5701E026-3410-4973-A1B8-EA5F3D21D82B}.Debug|x86.ActiveCfg = Debug|Win32
		{5701E026-3410-4973-A1B8-EA5F3D21D82B}.Debug|x86.Build.0 = Debug|Win32
		{5701E026-3410-4973-A1B8-EA5F3D21D82B}.Release|x64.ActiveCfg = Release|x64
		{5701E026-3410-4973-A1B8-EA5F3D21D82B}.Release|x64.Build.0 = Release|x64
		{5701E026-3410-4973-A1B8-EA5F3D21D82B}.Release|x86.ActiveCfg = Release|Win32
		{5701E026-3410-4973-A1B8-EA5F3D21D82B}.Release|x86.Build.0 = Release|Win32
		{F11CBCBE-21B6-4DC2-A395-BDAE8890A125}.Debug|x64.ActiveCfg = Debug|x64
		{F11CBCBE-21B6-4DC2-A395-BDAE8890A125}.Debug|x64.Build.0 = Debug|x64
		{F11CBCBE-21B6-4DC2-A395-BDAE8890A125}.Debug|x86.ActiveCfg = Debug|Win32
		{F11CBCBE-21B6-4DC2-A395-BDAE8890A125}.Debug|x86.Build.0 = Debug|Win32
		{F11CBCBE-21B6-4DC2-A395-BDAE8890A125}.Release|x64.ActiveCfg = Release|x64
		{F11CBCBE-21B6-4DC2-A395-BDAE8890A125}.Release|x64.Build.0 = Release|x64
		{F11CBCBE-21B6-4DC2-A395-BDAE8890A125}.Release|x86.ActiveCfg = Release|Win32
		{F11CBCBE-21B6-4DC2-A395-BDAE8890A125}.Release|x86.Build.0 = Release|Win32
	EndGlobalSection
	GlobalSection(SolutionProperties) = preSolution
		HideSolutionNode = FALSE
	EndGlobalSection
	GlobalSection(ExtensibilityGlobals) = postSolution
		SolutionGuid = {5EE85CB5-C81E-4599-96D8-7C6B50A1FC66}
	EndGlobalSection
EndGlobal
